{
  "name": "billMin",
  "version": "1.0.0",
  "lockfileVersion": 2,
  "requires": true,
  "packages": {
    "": {
      "name": "billMin",
      "version": "1.0.0",
      "license": "ISC",
      "dependencies": {
        "@antv/wx-f2": "^2.1.1",
        "@vant/weapp": "^1.4.3",
        "miniprogram-computed": "^2.1.1"
      }
    },
    "node_modules/@antv/adjust": {
      "version": "0.1.1",
      "resolved": "https://registry.npmjs.org/@antv/adjust/-/adjust-0.1.1.tgz",
      "integrity": "sha512-9FaMOyBlM4AgoRL0b5o0VhEKAYkexBNUrxV8XmpHU/9NBPJONBOB/NZUlQDqxtLItrt91tCfbAuMQmF529UX2Q==",
      "dependencies": {
        "@antv/util": "~1.3.1"
      }
    },
    "node_modules/@antv/adjust/node_modules/@antv/util": {
      "version": "1.3.1",
      "resolved": "https://registry.npmjs.org/@antv/util/-/util-1.3.1.tgz",
      "integrity": "sha512-cbUta0hIJrKEaW3eKoGarz3Ita+9qUPF2YzTj8A6wds/nNiy20G26ztIWHU+5ThLc13B1n5Ik52LbaCaeg9enA==",
      "dependencies": {
        "@antv/gl-matrix": "^2.7.1"
      }
    },
    "node_modules/@antv/f2": {
      "version": "3.7.6",
      "resolved": "https://registry.npmjs.org/@antv/f2/-/f2-3.7.6.tgz",
      "integrity": "sha512-mqmZqWEoHr0Ud1NAWEfVZTlBH7npsPUbxEgVY6Val8v1QXq/5TQLSCzRu3/qRzQ1bNrSc4YHZQFL+v9lOk+aDg==",
      "dependencies": {
        "@antv/adjust": "~0.1.1",
        "@antv/scale": "~0.3.3",
        "@antv/util": "~2.0.6",
        "@babel/runtime": "^7.7.7",
        "@types/hammerjs": "^2.0.36",
        "hammerjs": "^2.0.8",
        "type-fest": "^0.15.1"
      }
    },
    "node_modules/@antv/gl-matrix": {
      "version": "2.7.1",
      "resolved": "https://registry.npmjs.org/@antv/gl-matrix/-/gl-matrix-2.7.1.tgz",
      "integrity": "sha512-oOWcVNlpELIKi9x+Mm1Vwbz8pXfkbJKykoCIOJ/dNK79hSIANbpXJ5d3Rra9/wZqK6MC961B7sybFhPlLraT3Q=="
    },
    "node_modules/@antv/scale": {
      "version": "0.3.3",
      "resolved": "https://registry.npmjs.org/@antv/scale/-/scale-0.3.3.tgz",
      "integrity": "sha512-D6fuS4IlqkpJ9Cm963sumroOxhqZL6S6bsFQPRMxypaqebXW2pWcmbzF5Hw1jKucl1M4nZ0nGCB3cE2SdLxrcA==",
      "dependencies": {
        "@antv/util": "~2.0.3",
        "fecha": "~4.2.0",
        "tslib": "^2.0.0"
      }
    },
    "node_modules/@antv/util": {
      "version": "2.0.9",
      "resolved": "https://registry.npmjs.org/@antv/util/-/util-2.0.9.tgz",
      "integrity": "sha512-JblWzne7msAPDdxkUhEk8zAz0Wd6igKwqymGbvIeyOydGrhBhGjA3nEayFj4IlG+XixCvGFKsCB4yuFS4glRIA==",
      "dependencies": {
        "tslib": "^1.10.0"
      }
    },
    "node_modules/@antv/util/node_modules/tslib": {
      "version": "1.13.0",
      "resolved": "https://registry.npmjs.org/tslib/-/tslib-1.13.0.tgz",
      "integrity": "sha512-i/6DQjL8Xf3be4K/E6Wgpekn5Qasl1usyw++dAA35Ue5orEn65VIxOA+YvNNl9HV3qv70T7CNwjODHZrLwvd1Q=="
    },
    "node_modules/@antv/wx-f2": {
      "version": "2.1.1",
      "resolved": "https://registry.npmjs.org/@antv/wx-f2/-/wx-f2-2.1.1.tgz",
      "integrity": "sha512-15S+Fz9NYFpZvXHaOM65lcNWEpsx7SmIyDDGMDZ0/beNW2T4DkxBdJwVLjE/SBIZc7kbQKJsC8n2p4HLbHcJYg==",
      "dependencies": {
        "@antv/f2": "~3.7.0"
      }
    },
    "node_modules/@babel/runtime": {
      "version": "7.21.0",
      "resolved": "https://registry.npmjs.org/@babel/runtime/-/runtime-7.21.0.tgz",
      "integrity": "sha512-xwII0//EObnq89Ji5AKYQaRYiW/nZ3llSv29d49IuxPhKbtJoLP+9QUUZ4nVragQVtaVGeZrpB+ZtG/Pdy/POw==",
      "dependencies": {
        "regenerator-runtime": "^0.13.11"
      },
      "engines": {
        "node": ">=6.9.0"
      }
    },
    "node_modules/@types/hammerjs": {
      "version": "2.0.36",
      "resolved": "https://registry.npmjs.org/@types/hammerjs/-/hammerjs-2.0.36.tgz",
      "integrity": "sha512-7TUK/k2/QGpEAv/BCwSHlYu3NXZhQ9ZwBYpzr9tjlPIL2C5BeGhH3DmVavRx3ZNyELX5TLC91JTz/cen6AAtIQ=="
    },
    "node_modules/@vant/weapp": {
      "version": "1.4.4",
      "resolved": "https://registry.npmjs.org/@vant/weapp/-/weapp-1.4.4.tgz",
      "integrity": "sha512-dWwo5y6GZc4XhHfQtgtbA9HFoo9kXJp3whxcNXNfrKnEc+lf1JE/8Tyw/DN7XlgSO5IUeKjg0ak+uFdMG0U3kQ=="
    },
    "node_modules/fast-deep-equal": {
      "version": "2.0.1",
      "resolved": "https://registry.npmjs.org/fast-deep-equal/-/fast-deep-equal-2.0.1.tgz",
      "integrity": "sha1-ewUhjd+WZ79/Nwv3/bLLFf3Qqkk="
    },
    "node_modules/fecha": {
      "version": "4.2.0",
      "resolved": "https://registry.npmjs.org/fecha/-/fecha-4.2.0.tgz",
      "integrity": "sha512-aN3pcx/DSmtyoovUudctc8+6Hl4T+hI9GBBHLjA76jdZl7+b1sgh5g4k+u/GL3dTy1/pnYzKp69FpJ0OicE3Wg=="
    },
    "node_modules/hammerjs": {
      "version": "2.0.8",
      "resolved": "https://registry.npmjs.org/hammerjs/-/hammerjs-2.0.8.tgz",
      "integrity": "sha1-BO93hiz/K7edMPdpIJWTAiK/YPE=",
      "engines": {
        "node": ">=0.8.0"
      }
    },
    "node_modules/miniprogram-computed": {
      "version": "2.1.1",
      "resolved": "https://registry.npmjs.org/miniprogram-computed/-/miniprogram-computed-2.1.1.tgz",
      "integrity": "sha512-qf40nbcY8/vOqkKnAepKQY+mJn85sn7gsj8+RZI5hSmLYm0MicM25aQFjwrvjDAqASrfM1dSU9HMMyeFsh0XXQ==",
      "dependencies": {
        "fast-deep-equal": "^2.0.1",
        "rfdc": "^1.1.4"
      }
    },
    "node_modules/regenerator-runtime": {
      "version": "0.13.11",
      "resolved": "https://registry.npmjs.org/regenerator-runtime/-/regenerator-runtime-0.13.11.tgz",
      "integrity": "sha512-kY1AZVr2Ra+t+piVaJ4gxaFaReZVH40AKNo7UCX6W+dEwBo/2oZJzqfuN1qLq1oL45o56cPaTXELwrTh8Fpggg=="
    },
    "node_modules/rfdc": {
      "version": "1.1.4",
      "resolved": "https://registry.npmjs.org/rfdc/-/rfdc-1.1.4.tgz",
      "integrity": "sha512-5C9HXdzK8EAqN7JDif30jqsBzavB7wLpaubisuQIGHWf2gUXSpzy6ArX/+Da8RjFpagWsCn+pIgxTMAmKw9Zug=="
    },
    "node_modules/tslib": {
      "version": "2.0.1",
      "resolved": "https://registry.npmjs.org/tslib/-/tslib-2.0.1.tgz",
      "integrity": "sha512-SgIkNheinmEBgx1IUNirK0TUD4X9yjjBRTqqjggWCU3pUEqIk3/Uwl3yRixYKT6WjQuGiwDv4NomL3wqRCj+CQ=="
    },
    "node_modules/type-fest": {
      "version": "0.15.1",
      "resolved": "https://registry.npmjs.org/type-fest/-/type-fest-0.15.1.tgz",
      "integrity": "sha512-n+UXrN8i5ioo7kqT/nF8xsEzLaqFra7k32SEsSPwvXVGyAcRgV/FUQN/sgfptJTR1oRmmq7z4IXMFSM7im7C9A==",
      "engines": {
        "node": ">=10"
      },
      "funding": {
        "url": "https://github.com/sponsors/sindresorhus"
      }
    }
  },
  "dependencies": {
    "@antv/adjust": {
      "version": "0.1.1",
      "resolved": "https://registry.npmjs.org/@antv/adjust/-/adjust-0.1.1.tgz",
      "integrity": "sha512-9FaMOyBlM4AgoRL0b5o0VhEKAYkexBNUrxV8XmpHU/9NBPJONBOB/NZUlQDqxtLItrt91tCfbAuMQmF529UX2Q==",
      "requires": {
        "@antv/util": "~1.3.1"
      },
      "dependencies": {
        "@antv/util": {
          "version": "1.3.1",
          "resolved": "https://registry.npmjs.org/@antv/util/-/util-1.3.1.tgz",
          "integrity": "sha512-cbUta0hIJrKEaW3eKoGarz3Ita+9qUPF2YzTj8A6wds/nNiy20G26ztIWHU+5ThLc13B1n5Ik52LbaCaeg9enA==",
          "requires": {
            "@antv/gl-matrix": "^2.7.1"
          }
        }
      }
    },
    "@antv/f2": {
      "version": "3.7.6",
      "resolved": "https://registry.npmjs.org/@antv/f2/-/f2-3.7.6.tgz",
      "integrity": "sha512-mqmZqWEoHr0Ud1NAWEfVZTlBH7npsPUbxEgVY6Val8v1QXq/5TQLSCzRu3/qRzQ1bNrSc4YHZQFL+v9lOk+aDg==",
      "requires": {
        "@antv/adjust": "~0.1.1",
        "@antv/scale": "~0.3.3",
        "@antv/util": "~2.0.6",
        "@babel/runtime": "^7.7.7",
        "@types/hammerjs": "^2.0.36",
        "hammerjs": "^2.0.8",
        "type-fest": "^0.15.1"
      }
    },
    "@antv/gl-matrix": {
      "version": "2.7.1",
      "resolved": "https://registry.npmjs.org/@antv/gl-matrix/-/gl-matrix-2.7.1.tgz",
      "integrity": "sha512-oOWcVNlpELIKi9x+Mm1Vwbz8pXfkbJKykoCIOJ/dNK79hSIANbpXJ5d3Rra9/wZqK6MC961B7sybFhPlLraT3Q=="
    },
    "@antv/scale": {
      "version": "0.3.3",
      "resolved": "https://registry.npmjs.org/@antv/scale/-/scale-0.3.3.tgz",
      "integrity": "sha512-D6fuS4IlqkpJ9Cm963sumroOxhqZL6S6bsFQPRMxypaqebXW2pWcmbzF5Hw1jKucl1M4nZ0nGCB3cE2SdLxrcA==",
      "requires": {
        "@antv/util": "~2.0.3",
        "fecha": "~4.2.0",
        "tslib": "^2.0.0"
      }
    },
    "@antv/util": {
      "version": "2.0.9",
      "resolved": "https://registry.npmjs.org/@antv/util/-/util-2.0.9.tgz",
      "integrity": "sha512-JblWzne7msAPDdxkUhEk8zAz0Wd6igKwqymGbvIeyOydGrhBhGjA3nEayFj4IlG+XixCvGFKsCB4yuFS4glRIA==",
      "requires": {
        "tslib": "^1.10.0"
      },
      "dependencies": {
        "tslib": {
          "version": "1.13.0",
          "resolved": "https://registry.npmjs.org/tslib/-/tslib-1.13.0.tgz",
          "integrity": "sha512-i/6DQjL8Xf3be4K/E6Wgpekn5Qasl1usyw++dAA35Ue5orEn65VIxOA+YvNNl9HV3qv70T7CNwjODHZrLwvd1Q=="
        }
      }
    },
    "@antv/wx-f2": {
      "version": "2.1.1",
      "resolved": "https://registry.npmjs.org/@antv/wx-f2/-/wx-f2-2.1.1.tgz",
      "integrity": "sha512-15S+Fz9NYFpZvXHaOM65lcNWEpsx7SmIyDDGMDZ0/beNW2T4DkxBdJwVLjE/SBIZc7kbQKJsC8n2p4HLbHcJYg==",
      "requires": {
        "@antv/f2": "~3.7.0"
      }
    },
    "@babel/runtime": {
      "version": "7.21.0",
      "resolved": "https://registry.npmjs.org/@babel/runtime/-/runtime-7.21.0.tgz",
      "integrity": "sha512-xwII0//EObnq89Ji5AKYQaRYiW/nZ3llSv29d49IuxPhKbtJoLP+9QUUZ4nVragQVtaVGeZrpB+ZtG/Pdy/POw==",
      "requires": {
        "regenerator-runtime": "^0.13.11"
      }
    },
    "@types/hammerjs": {
      "version": "2.0.36",
      "resolved": "https://registry.npmjs.org/@types/hammerjs/-/hammerjs-2.0.36.tgz",
      "integrity": "sha512-7TUK/k2/QGpEAv/BCwSHlYu3NXZhQ9ZwBYpzr9tjlPIL2C5BeGhH3DmVavRx3ZNyELX5TLC91JTz/cen6AAtIQ=="
    },
    "@vant/weapp": {
      "version": "1.4.4",
      "resolved": "https://registry.npmjs.org/@vant/weapp/-/weapp-1.4.4.tgz",
      "integrity": "sha512-dWwo5y6GZc4XhHfQtgtbA9HFoo9kXJp3whxcNXNfrKnEc+lf1JE/8Tyw/DN7XlgSO5IUeKjg0ak+uFdMG0U3kQ=="
    },
    "fast-deep-equal": {
      "version": "2.0.1",
      "resolved": "https://registry.npmjs.org/fast-deep-equal/-/fast-deep-equal-2.0.1.tgz",
      "integrity": "sha1-ewUhjd+WZ79/Nwv3/bLLFf3Qqkk="
    },
    "fecha": {
      "version": "4.2.0",
      "resolved": "https://registry.npmjs.org/fecha/-/fecha-4.2.0.tgz",
      "integrity": "sha512-aN3pcx/DSmtyoovUudctc8+6Hl4T+hI9GBBHLjA76jdZl7+b1sgh5g4k+u/GL3dTy1/pnYzKp69FpJ0OicE3Wg=="
    },
    "hammerjs": {
      "version": "2.0.8",
      "resolved": "https://registry.npmjs.org/hammerjs/-/hammerjs-2.0.8.tgz",
      "integrity": "sha1-BO93hiz/K7edMPdpIJWTAiK/YPE="
    },
    "miniprogram-computed": {
      "version": "2.1.1",
      "resolved": "https://registry.npmjs.org/miniprogram-computed/-/miniprogram-computed-2.1.1.tgz",
      "integrity": "sha512-qf40nbcY8/vOqkKnAepKQY+mJn85sn7gsj8+RZI5hSmLYm0MicM25aQFjwrvjDAqASrfM1dSU9HMMyeFsh0XXQ==",
      "requires": {
        "fast-deep-equal": "^2.0.1",
        "rfdc": "^1.1.4"
      }
    },
    "regenerator-runtime": {
      "version": "0.13.11",
      "resolved": "https://registry.npmjs.org/regenerator-runtime/-/regenerator-runtime-0.13.11.tgz",
      "integrity": "sha512-kY1AZVr2Ra+t+piVaJ4gxaFaReZVH40AKNo7UCX6W+dEwBo/2oZJzqfuN1qLq1oL45o56cPaTXELwrTh8Fpggg=="
    },
    "rfdc": {
      "version": "1.1.4",
      "resolved": "https://registry.npmjs.org/rfdc/-/rfdc-1.1.4.tgz",
      "integrity": "sha512-5C9HXdzK8EAqN7JDif30jqsBzavB7wLpaubisuQIGHWf2gUXSpzy6ArX/+Da8RjFpagWsCn+pIgxTMAmKw9Zug=="
    },
    "tslib": {
      "version": "2.0.1",
      "resolved": "https://registry.npmjs.org/tslib/-/tslib-2.0.1.tgz",
      "integrity": "sha512-SgIkNheinmEBgx1IUNirK0TUD4X9yjjBRTqqjggWCU3pUEqIk3/Uwl3yRixYKT6WjQuGiwDv4NomL3wqRCj+CQ=="
    },
    "type-fest": {
      "version": "0.15.1",
      "resolved": "https://registry.npmjs.org/type-fest/-/type-fest-0.15.1.tgz",
      "integrity": "sha512-n+UXrN8i5ioo7kqT/nF8xsEzLaqFra7k32SEsSPwvXVGyAcRgV/FUQN/sgfptJTR1oRmmq7z4IXMFSM7im7C9A=="
    }
  }
}
